
Microsoft Visual Studio Solution File, Format Version 12.00
# Visual Studio Version 16
VisualStudioVersion = 16.0.31129.286
MinimumVisualStudioVersion = 10.0.40219.1
Project("{9A19103F-16F7-4668-BE54-9A1E7A4F7556}") = "ClassLibrary", "ClassLibrary\ClassLibrary.csproj", "{503F7D48-565E-4375-AEBA-B511D1B41DBB}"
EndProject
Project("{9A19103F-16F7-4668-BE54-9A1E7A4F7556}") = "WindowsAppScrabble", "WindowsAppScrabble\WindowsAppScrabble.csproj", "{D812B6D6-D9F9-4933-8463-B64679930033}"
EndProject
Project("{FAE04EC0-301F-11D3-BF4B-00C04F79EFBC}") = "ScrabbleTests", "ScrabbleTests\ScrabbleTests.csproj", "{09A521D1-3C01-4844-A8C5-59F43A706A92}"
EndProject
Global
	GlobalSection(SolutionConfigurationPlatforms) = preSolution
		Debug|Any CPU = Debug|Any CPU
		Release|Any CPU = Release|Any CPU
	EndGlobalSection
	GlobalSection(ProjectConfigurationPlatforms) = postSolution
		{503F7D48-565E-4375-AEBA-B511D1B41DBB}.Debug|Any CPU.ActiveCfg = Debug|Any CPU
		{503F7D48-565E-4375-AEBA-B511D1B41DBB}.Debug|Any CPU.Build.0 = Debug|Any CPU
		{503F7D48-565E-4375-AEBA-B511D1B41DBB}.Release|Any CPU.ActiveCfg = Release|Any CPU
		{503F7D48-565E-4375-AEBA-B511D1B41DBB}.Release|Any CPU.Build.0 = Release|Any CPU
		{D812B6D6-D9F9-4933-8463-B64679930033}.Debug|Any CPU.ActiveCfg = Debug|Any CPU
		{D812B6D6-D9F9-4933-8463-B64679930033}.Debug|Any CPU.Build.0 = Debug|Any CPU
		{D812B6D6-D9F9-4933-8463-B64679930033}.Release|Any CPU.ActiveCfg = Release|Any CPU
		{D812B6D6-D9F9-4933-8463-B64679930033}.Release|Any CPU.Build.0 = Release|Any CPU
		{09A521D1-3C01-4844-A8C5-59F43A706A92}.Debug|Any CPU.ActiveCfg = Debug|Any CPU
		{09A521D1-3C01-4844-A8C5-59F43A706A92}.Debug|Any CPU.Build.0 = Debug|Any CPU
		{09A521D1-3C01-4844-A8C5-59F43A706A92}.Release|Any CPU.ActiveCfg = Release|Any CPU
		{09A521D1-3C01-4844-A8C5-59F43A706A92}.Release|Any CPU.Build.0 = Release|Any CPU
	EndGlobalSection
	GlobalSection(SolutionProperties) = preSolution
		HideSolutionNode = FALSE
	EndGlobalSection
	GlobalSection(ExtensibilityGlobals) = postSolution
		SolutionGuid = {4FAD6AD5-A4E5-4CD2-910A-9149CB3940B5}
	EndGlobalSection
EndGlobal
